{
  "name": "eslint-plugin-webdevstudios",
  "version": "1.0.0",
  "lockfileVersion": 1,
  "requires": true,
  "dependencies": {
    "eslint-config-wordpress": {
      "version": "2.0.0",
      "resolved": "https://registry.npmjs.org/eslint-config-wordpress/-/eslint-config-wordpress-2.0.0.tgz",
      "integrity": "sha1-UgEgbGlk1kgxUjLt9t+9LpJeTNY="
    }
  }
}
